{
  "name": "repos",
  "lockfileVersion": 2,
  "requires": true,
  "packages": {
    "": {
      "dependencies": {
        "touch-package": "^0.1.0"
      }
    },
    "node_modules/touch-package": {
      "version": "0.1.0",
      "resolved": "https://registry.npmjs.org/touch-package/-/touch-package-0.1.0.tgz",
      "integrity": "sha1-+Vvf1Ja3fVkx3J/n+rSMOG1qrw4=",
      "bin": {
        "touch-package": "bin/touch-package"
      }
    }
  },
  "dependencies": {
    "touch-package": {
      "version": "0.1.0",
      "resolved": "https://registry.npmjs.org/touch-package/-/touch-package-0.1.0.tgz",
      "integrity": "sha1-+Vvf1Ja3fVkx3J/n+rSMOG1qrw4="
    }
  }
}
